
Microsoft Visual Studio Solution File, Format Version 12.00
# Visual Studio 15
VisualStudioVersion = 15.0.28307.852
MinimumVisualStudioVersion = 10.0.40219.1
Project("{FAE04EC0-301F-11D3-BF4B-00C04F79EFBC}") = "Workshop_5_Group_3", "Workshop_5_Group_3\Workshop_5_Group_3.csproj", "{52215640-F1AF-4541-A21F-D0883C9ED0CC}"
EndProject
Global
	GlobalSection(SolutionConfigurationPlatforms) = preSolution
		Debug|Any CPU = Debug|Any CPU
		Release|Any CPU = Release|Any CPU
	EndGlobalSection
	GlobalSection(ProjectConfigurationPlatforms) = postSolution
		{52215640-F1AF-4541-A21F-D0883C9ED0CC}.Debug|Any CPU.ActiveCfg = Debug|Any CPU
		{52215640-F1AF-4541-A21F-D0883C9ED0CC}.Debug|Any CPU.Build.0 = Debug|Any CPU
		{52215640-F1AF-4541-A21F-D0883C9ED0CC}.Release|Any CPU.ActiveCfg = Release|Any CPU
		{52215640-F1AF-4541-A21F-D0883C9ED0CC}.Release|Any CPU.Build.0 = Release|Any CPU
	EndGlobalSection
	GlobalSection(SolutionProperties) = preSolution
		HideSolutionNode = FALSE
	EndGlobalSection
	GlobalSection(ExtensibilityGlobals) = postSolution
		SolutionGuid = {6ECE6C8C-B66B-4A40-A4A9-0F5D8B5A73A3}
	EndGlobalSection
EndGlobal
